{
  "name": "vue-chartjs",
  "version": "3.5.1",
  "lockfileVersion": 1,
  "requires": true,
  "dependencies": {
    "@types/chart.js": {
      "version": "2.9.32",
      "resolved": "https://registry.npmjs.org/@types/chart.js/-/chart.js-2.9.32.tgz",
      "integrity": "sha512-d45JiRQwEOlZiKwukjqmqpbqbYzUX2yrXdH9qVn6kXpPDsTYCo6YbfFOlnUaJ8S/DhJwbBJiLsMjKpW5oP8B2A==",
      "dev": true,
      "requires": {
        "moment": "^2.10.2"
      }
    },
    "chart.js": {
      "version": "3.2.1",
      "resolved": "https://registry.npmjs.org/chart.js/-/chart.js-3.2.1.tgz",
      "integrity": "sha512-XsNDf3854RGZkLCt+5vWAXGAtUdKP2nhfikLGZqud6G4CvRE2ts64TIxTTfspOin2kEZvPgomE29E6oU02dYjQ==",
      "dev": true
    },
    "moment": {
      "version": "2.29.1",
      "resolved": "https://registry.npmjs.org/moment/-/moment-2.29.1.tgz",
      "integrity": "sha512-kHmoybcPV8Sqy59DwNDY3Jefr64lK/by/da0ViFcuA4DH0vQg5Q6Ze5VimxkfQNSC+Mls/Kx53s7TjP1RhFEDQ==",
      "dev": true
    }
  }
}
